
Microsoft Visual Studio Solution File, Format Version 12.00
# Visual Studio Version 17
VisualStudioVersion = 17.3.32811.315
MinimumVisualStudioVersion = 10.0.40219.1
Project("{9A19103F-16F7-4668-BE54-9A1E7A4F7556}") = "Json", "Json\Json.csproj", "{88B06CF7-05E0-4BAF-85FD-657AD2A6877F}"
EndProject
Project("{FAE04EC0-301F-11D3-BF4B-00C04F79EFBC}") = "Xml", "Xml\Xml.csproj", "{C6C0E316-219D-47F7-A06D-4A8577845B55}"
EndProject
Project("{FAE04EC0-301F-11D3-BF4B-00C04F79EFBC}") = "Yaml", "Yaml\Yaml.csproj", "{14EBAA98-1390-450C-8F65-BB6C0D706837}"
EndProject
Project("{9A19103F-16F7-4668-BE54-9A1E7A4F7556}") = "Serialization", "..\Tracer\Serialization\Serialization.csproj", "{67931CCC-8228-429D-92BD-0CE309C341F5}"
EndProject
Global
	GlobalSection(SolutionConfigurationPlatforms) = preSolution
		Debug|Any CPU = Debug|Any CPU
		Release|Any CPU = Release|Any CPU
	EndGlobalSection
	GlobalSection(ProjectConfigurationPlatforms) = postSolution
		{88B06CF7-05E0-4BAF-85FD-657AD2A6877F}.Debug|Any CPU.ActiveCfg = Debug|Any CPU
		{88B06CF7-05E0-4BAF-85FD-657AD2A6877F}.Debug|Any CPU.Build.0 = Debug|Any CPU
		{88B06CF7-05E0-4BAF-85FD-657AD2A6877F}.Release|Any CPU.ActiveCfg = Release|Any CPU
		{88B06CF7-05E0-4BAF-85FD-657AD2A6877F}.Release|Any CPU.Build.0 = Release|Any CPU
		{C6C0E316-219D-47F7-A06D-4A8577845B55}.Debug|Any CPU.ActiveCfg = Debug|Any CPU
		{C6C0E316-219D-47F7-A06D-4A8577845B55}.Debug|Any CPU.Build.0 = Debug|Any CPU
		{C6C0E316-219D-47F7-A06D-4A8577845B55}.Release|Any CPU.ActiveCfg = Release|Any CPU
		{C6C0E316-219D-47F7-A06D-4A8577845B55}.Release|Any CPU.Build.0 = Release|Any CPU
		{14EBAA98-1390-450C-8F65-BB6C0D706837}.Debug|Any CPU.ActiveCfg = Debug|Any CPU
		{14EBAA98-1390-450C-8F65-BB6C0D706837}.Debug|Any CPU.Build.0 = Debug|Any CPU
		{14EBAA98-1390-450C-8F65-BB6C0D706837}.Release|Any CPU.ActiveCfg = Release|Any CPU
		{14EBAA98-1390-450C-8F65-BB6C0D706837}.Release|Any CPU.Build.0 = Release|Any CPU
		{67931CCC-8228-429D-92BD-0CE309C341F5}.Debug|Any CPU.ActiveCfg = Debug|Any CPU
		{67931CCC-8228-429D-92BD-0CE309C341F5}.Debug|Any CPU.Build.0 = Debug|Any CPU
		{67931CCC-8228-429D-92BD-0CE309C341F5}.Release|Any CPU.ActiveCfg = Release|Any CPU
		{67931CCC-8228-429D-92BD-0CE309C341F5}.Release|Any CPU.Build.0 = Release|Any CPU
	EndGlobalSection
	GlobalSection(SolutionProperties) = preSolution
		HideSolutionNode = FALSE
	EndGlobalSection
	GlobalSection(ExtensibilityGlobals) = postSolution
		SolutionGuid = {B431A16B-5E1B-4686-957C-4EEBD510BF4B}
	EndGlobalSection
EndGlobal
